// !$*UTF8*$!
{
	archiveVersion = 1;
	classes = {
	};
	objectVersion = 56;
	objects = {

/* Begin PBXBuildFile section */
		3070C90029153B69009BD72F /* AppDelegate.swift in Sources */ = {isa = PBXBuildFile; fileRef = 3070C8FF29153B69009BD72F /* AppDelegate.swift */; };
		3070C90229153B69009BD72F /* SceneDelegate.swift in Sources */ = {isa = PBXBuildFile; fileRef = 3070C90129153B69009BD72F /* SceneDelegate.swift */; };
		3070C90429153B69009BD72F /* MainViewController.swift in Sources */ = {isa = PBXBuildFile; fileRef = 3070C90329153B69009BD72F /* MainViewController.swift */; };
		3070C90729153B69009BD72F /* Main.storyboard in Resources */ = {isa = PBXBuildFile; fileRef = 3070C90529153B69009BD72F /* Main.storyboard */; };
		3070C90929153B6A009BD72F /* Assets.xcassets in Resources */ = {isa = PBXBuildFile; fileRef = 3070C90829153B6A009BD72F /* Assets.xcassets */; };
		3070C90C29153B6A009BD72F /* LaunchScreen.storyboard in Resources */ = {isa = PBXBuildFile; fileRef = 3070C90A29153B6A009BD72F /* LaunchScreen.storyboard */; };
		3070C91429153BBA009BD72F /* Joke.swift in Sources */ = {isa = PBXBuildFile; fileRef = 3070C91329153BBA009BD72F /* Joke.swift */; };
		30FF82CD291A9453005AAC9D /* NetworkManager.swift in Sources */ = {isa = PBXBuildFile; fileRef = 30FF82CC291A9453005AAC9D /* NetworkManager.swift */; };
		30FF82CF291A956F005AAC9D /* JokeViewController.swift in Sources */ = {isa = PBXBuildFile; fileRef = 30FF82CE291A956F005AAC9D /* JokeViewController.swift */; };
		30FF82D1291AA9A7005AAC9D /* AboutJokeViewController.swift in Sources */ = {isa = PBXBuildFile; fileRef = 30FF82D0291AA9A7005AAC9D /* AboutJokeViewController.swift */; };
/* End PBXBuildFile section */

/* Begin PBXFileReference section */
		3070C8FC29153B69009BD72F /* FirstParsingHW.app */ = {isa = PBXFileReference; explicitFileType = wrapper.application; includeInIndex = 0; path = FirstParsingHW.app; sourceTree = BUILT_PRODUCTS_DIR; };
		3070C8FF29153B69009BD72F /* AppDelegate.swift */ = {isa = PBXFileReference; lastKnownFileType = sourcecode.swift; path = AppDelegate.swift; sourceTree = "<group>"; };
		3070C90129153B69009BD72F /* SceneDelegate.swift */ = {isa = PBXFileReference; lastKnownFileType = sourcecode.swift; path = SceneDelegate.swift; sourceTree = "<group>"; };
		3070C90329153B69009BD72F /* MainViewController.swift */ = {isa = PBXFileReference; lastKnownFileType = sourcecode.swift; path = MainViewController.swift; sourceTree = "<group>"; };
		3070C90629153B69009BD72F /* Base */ = {isa = PBXFileReference; lastKnownFileType = file.storyboard; name = Base; path = Base.lproj/Main.storyboard; sourceTree = "<group>"; };
		3070C90829153B6A009BD72F /* Assets.xcassets */ = {isa = PBXFileReference; lastKnownFileType = folder.assetcatalog; path = Assets.xcassets; sourceTree = "<group>"; };
		3070C90B29153B6A009BD72F /* Base */ = {isa = PBXFileReference; lastKnownFileType = file.storyboard; name = Base; path = Base.lproj/LaunchScreen.storyboard; sourceTree = "<group>"; };
		3070C90D29153B6A009BD72F /* Info.plist */ = {isa = PBXFileReference; lastKnownFileType = text.plist.xml; path = Info.plist; sourceTree = "<group>"; };
		3070C91329153BBA009BD72F /* Joke.swift */ = {isa = PBXFileReference; lastKnownFileType = sourcecode.swift; path = Joke.swift; sourceTree = "<group>"; };
		30FF82CC291A9453005AAC9D /* NetworkManager.swift */ = {isa = PBXFileReference; lastKnownFileType = sourcecode.swift; path = NetworkManager.swift; sourceTree = "<group>"; };
		30FF82CE291A956F005AAC9D /* JokeViewController.swift */ = {isa = PBXFileReference; lastKnownFileType = sourcecode.swift; path = JokeViewController.swift; sourceTree = "<group>"; };
		30FF82D0291AA9A7005AAC9D /* AboutJokeViewController.swift */ = {isa = PBXFileReference; lastKnownFileType = sourcecode.swift; path = AboutJokeViewController.swift; sourceTree = "<group>"; };
/* End PBXFileReference section */

/* Begin PBXFrameworksBuildPhase section */
		3070C8F929153B69009BD72F /* Frameworks */ = {
			isa = PBXFrameworksBuildPhase;
			buildActionMask = 2147483647;
			files = (
			);
			runOnlyForDeploymentPostprocessing = 0;
		};
/* End PBXFrameworksBuildPhase section */

/* Begin PBXGroup section */
		3070C8F329153B69009BD72F = {
			isa = PBXGroup;
			children = (
				3070C8FE29153B69009BD72F /* FirstParsingHW */,
				3070C8FD29153B69009BD72F /* Products */,
			);
			sourceTree = "<group>";
		};
		3070C8FD29153B69009BD72F /* Products */ = {
			isa = PBXGroup;
			children = (
				3070C8FC29153B69009BD72F /* FirstParsingHW.app */,
			);
			name = Products;
			sourceTree = "<group>";
		};
		3070C8FE29153B69009BD72F /* FirstParsingHW */ = {
			isa = PBXGroup;
			children = (
				3070C91529154596009BD72F /* Models */,
				3070C917291545DB009BD72F /* View Controllers */,
				3070C916291545A0009BD72F /* Supporting Files */,
				3070C918291545EB009BD72F /* Storyboards */,
				3070C91929154606009BD72F /* Sources */,
			);
			path = FirstParsingHW;
			sourceTree = "<group>";
		};
		3070C91529154596009BD72F /* Models */ = {
			isa = PBXGroup;
			children = (
				3070C91329153BBA009BD72F /* Joke.swift */,
			);
			path = Models;
			sourceTree = "<group>";
		};
		3070C916291545A0009BD72F /* Supporting Files */ = {
			isa = PBXGroup;
			children = (
				3070C8FF29153B69009BD72F /* AppDelegate.swift */,
				3070C90129153B69009BD72F /* SceneDelegate.swift */,
				30FF82CC291A9453005AAC9D /* NetworkManager.swift */,
				3070C90D29153B6A009BD72F /* Info.plist */,
			);
			path = "Supporting Files";
			sourceTree = "<group>";
		};
		3070C917291545DB009BD72F /* View Controllers */ = {
			isa = PBXGroup;
			children = (
				3070C90329153B69009BD72F /* MainViewController.swift */,
				30FF82CE291A956F005AAC9D /* JokeViewController.swift */,
				30FF82D0291AA9A7005AAC9D /* AboutJokeViewController.swift */,
			);
			path = "View Controllers";
			sourceTree = "<group>";
		};
		3070C918291545EB009BD72F /* Storyboards */ = {
			isa = PBXGroup;
			children = (
				3070C90529153B69009BD72F /* Main.storyboard */,
				3070C90A29153B6A009BD72F /* LaunchScreen.storyboard */,
			);
			path = Storyboards;
			sourceTree = "<group>";
		};
		3070C91929154606009BD72F /* Sources */ = {
			isa = PBXGroup;
			children = (
				3070C90829153B6A009BD72F /* Assets.xcassets */,
			);
			path = Sources;
			sourceTree = "<group>";
		};
/* End PBXGroup section */

/* Begin PBXNativeTarget section */
		3070C8FB29153B69009BD72F /* FirstParsingHW */ = {
			isa = PBXNativeTarget;
			buildConfigurationList = 3070C91029153B6A009BD72F /* Build configuration list for PBXNativeTarget "FirstParsingHW" */;
			buildPhases = (
				3070C8F829153B69009BD72F /* Sources */,
				3070C8F929153B69009BD72F /* Frameworks */,
				3070C8FA29153B69009BD72F /* Resources */,
			);
			buildRules = (
			);
			dependencies = (
			);
			name = FirstParsingHW;
			productName = FirstParsingHW;
			productReference = 3070C8FC29153B69009BD72F /* FirstParsingHW.app */;
			productType = "com.apple.product-type.application";
		};
/* End PBXNativeTarget section */

/* Begin PBXProject section */
		3070C8F429153B69009BD72F /* Project object */ = {
			isa = PBXProject;
			attributes = {
				BuildIndependentTargetsInParallel = 1;
				LastSwiftUpdateCheck = 1410;
				LastUpgradeCheck = 1410;
				TargetAttributes = {
					3070C8FB29153B69009BD72F = {
						CreatedOnToolsVersion = 14.1;
					};
				};
			};
			buildConfigurationList = 3070C8F729153B69009BD72F /* Build configuration list for PBXProject "FirstParsingHW" */;
			compatibilityVersion = "Xcode 14.0";
			developmentRegion = en;
			hasScannedForEncodings = 0;
			knownRegions = (
				en,
				Base,
			);
			mainGroup = 3070C8F329153B69009BD72F;
			productRefGroup = 3070C8FD29153B69009BD72F /* Products */;
			projectDirPath = "";
			projectRoot = "";
			targets = (
				3070C8FB29153B69009BD72F /* FirstParsingHW */,
			);
		};
/* End PBXProject section */

/* Begin PBXResourcesBuildPhase section */
		3070C8FA29153B69009BD72F /* Resources */ = {
			isa = PBXResourcesBuildPhase;
			buildActionMask = 2147483647;
			files = (
				3070C90C29153B6A009BD72F /* LaunchScreen.storyboard in Resources */,
				3070C90929153B6A009BD72F /* Assets.xcassets in Resources */,
				3070C90729153B69009BD72F /* Main.storyboard in Resources */,
			);
			runOnlyForDeploymentPostprocessing = 0;
		};
/* End PBXResourcesBuildPhase section */

/* Begin PBXSourcesBuildPhase section */
		3070C8F829153B69009BD72F /* Sources */ = {
			isa = PBXSourcesBuildPhase;
			buildActionMask = 2147483647;
			files = (
				3070C90429153B69009BD72F /* MainViewController.swift in Sources */,
				3070C90029153B69009BD72F /* AppDelegate.swift in Sources */,
				30FF82CD291A9453005AAC9D /* NetworkManager.swift in Sources */,
				30FF82D1291AA9A7005AAC9D /* AboutJokeViewController.swift in Sources */,
				3070C90229153B69009BD72F /* SceneDelegate.swift in Sources */,
				3070C91429153BBA009BD72F /* Joke.swift in Sources */,
				30FF82CF291A956F005AAC9D /* JokeViewController.swift in Sources */,
			);
			runOnlyForDeploymentPostprocessing = 0;
		};
/* End PBXSourcesBuildPhase section */

/* Begin PBXVariantGroup section */
		3070C90529153B69009BD72F /* Main.storyboard */ = {
			isa = PBXVariantGroup;
			children = (
				3070C90629153B69009BD72F /* Base */,
			);
			name = Main.storyboard;
			sourceTree = "<group>";
		};
		3070C90A29153B6A009BD72F /* LaunchScreen.storyboard */ = {
			isa = PBXVariantGroup;
			children = (
				3070C90B29153B6A009BD72F /* Base */,
			);
			name = LaunchScreen.storyboard;
			sourceTree = "<group>";
		};
/* End PBXVariantGroup section */

/* Begin XCBuildConfiguration section */
		3070C90E29153B6A009BD72F /* Debug */ = {
			isa = XCBuildConfiguration;
			buildSettings = {
				ALWAYS_SEARCH_USER_PATHS = NO;
				CLANG_ANALYZER_NONNULL = YES;
				CLANG_ANALYZER_NUMBER_OBJECT_CONVERSION = YES_AGGRESSIVE;
				CLANG_CXX_LANGUAGE_STANDARD = "gnu++20";
				CLANG_ENABLE_MODULES = YES;
				CLANG_ENABLE_OBJC_ARC = YES;
				CLANG_ENABLE_OBJC_WEAK = YES;
				CLANG_WARN_BLOCK_CAPTURE_AUTORELEASING = YES;
				CLANG_WARN_BOOL_CONVERSION = YES;
				CLANG_WARN_COMMA = YES;
				CLANG_WARN_CONSTANT_CONVERSION = YES;
				CLANG_WARN_DEPRECATED_OBJC_IMPLEMENTATIONS = YES;
				CLANG_WARN_DIRECT_OBJC_ISA_USAGE = YES_ERROR;
				CLANG_WARN_DOCUMENTATION_COMMENTS = YES;
				CLANG_WARN_EMPTY_BODY = YES;
				CLANG_WARN_ENUM_CONVERSION = YES;
				CLANG_WARN_INFINITE_RECURSION = YES;
				CLANG_WARN_INT_CONVERSION = YES;
				CLANG_WARN_NON_LITERAL_NULL_CONVERSION = YES;
				CLANG_WARN_OBJC_IMPLICIT_RETAIN_SELF = YES;
				CLANG_WARN_OBJC_LITERAL_CONVERSION = YES;
				CLANG_WARN_OBJC_ROOT_CLASS = YES_ERROR;
				CLANG_WARN_QUOTED_INCLUDE_IN_FRAMEWORK_HEADER = YES;
				CLANG_WARN_RANGE_LOOP_ANALYSIS = YES;
				CLANG_WARN_STRICT_PROTOTYPES = YES;
				CLANG_WARN_SUSPICIOUS_MOVE = YES;
				CLANG_WARN_UNGUARDED_AVAILABILITY = YES_AGGRESSIVE;
				CLANG_WARN_UNREACHABLE_CODE = YES;
				CLANG_WARN__DUPLICATE_METHOD_MATCH = YES;
				COPY_PHASE_STRIP = NO;
				DEBUG_INFORMATION_FORMAT = dwarf;
				ENABLE_STRICT_OBJC_MSGSEND = YES;
				ENABLE_TESTABILITY = YES;
				GCC_C_LANGUAGE_STANDARD = gnu11;
				GCC_DYNAMIC_NO_PIC = NO;
				GCC_NO_COMMON_BLOCKS = YES;
				GCC_OPTIMIZATION_LEVEL = 0;
				GCC_PREPROCESSOR_DEFINITIONS = (
					"DEBUG=1",
					"$(inherited)",
				);
				GCC_WARN_64_TO_32_BIT_CONVERSION = YES;
				GCC_WARN_ABOUT_RETURN_TYPE = YES_ERROR;
				GCC_WARN_UNDECLARED_SELECTOR = YES;
				GCC_WARN_UNINITIALIZED_AUTOS = YES_AGGRESSIVE;
				GCC_WARN_UNUSED_FUNCTION = YES;
				GCC_WARN_UNUSED_VARIABLE = YES;
				IPHONEOS_DEPLOYMENT_TARGET = 16.1;
				MTL_ENABLE_DEBUG_INFO = INCLUDE_SOURCE;
				MTL_FAST_MATH = YES;
				ONLY_ACTIVE_ARCH = YES;
				SDKROOT = iphoneos;
				SWIFT_ACTIVE_COMPILATION_CONDITIONS = DEBUG;
				SWIFT_OPTIMIZATION_LEVEL = "-Onone";
			};
			name = Debug;
		};
		3070C90F29153B6A009BD72F /* Release */ = {
			isa = XCBuildConfiguration;
			buildSettings = {
				ALWAYS_SEARCH_USER_PATHS = NO;
				CLANG_ANALYZER_NONNULL = YES;
				CLANG_ANALYZER_NUMBER_OBJECT_CONVERSION = YES_AGGRESSIVE;
				CLANG_CXX_LANGUAGE_STANDARD = "gnu++20";
				CLANG_ENABLE_MODULES = YES;
				CLANG_ENABLE_OBJC_ARC = YES;
				CLANG_ENABLE_OBJC_WEAK = YES;
				CLANG_WARN_BLOCK_CAPTURE_AUTORELEASING = YES;
				CLANG_WARN_BOOL_CONVERSION = YES;
				CLANG_WARN_COMMA = YES;
				CLANG_WARN_CONSTANT_CONVERSION = YES;
				CLANG_WARN_DEPRECATED_OBJC_IMPLEMENTATIONS = YES;
				CLANG_WARN_DIRECT_OBJC_ISA_USAGE = YES_ERROR;
				CLANG_WARN_DOCUMENTATION_COMMENTS = YES;
				CLANG_WARN_EMPTY_BODY = YES;
				CLANG_WARN_ENUM_CONVERSION = YES;
				CLANG_WARN_INFINITE_RECURSION = YES;
				CLANG_WARN_INT_CONVERSION = YES;
				CLANG_WARN_NON_LITERAL_NULL_CONVERSION = YES;
				CLANG_WARN_OBJC_IMPLICIT_RETAIN_SELF = YES;
				CLANG_WARN_OBJC_LITERAL_CONVERSION = YES;
				CLANG_WARN_OBJC_ROOT_CLASS = YES_ERROR;
				CLANG_WARN_QUOTED_INCLUDE_IN_FRAMEWORK_HEADER = YES;
				CLANG_WARN_RANGE_LOOP_ANALYSIS = YES;
				CLANG_WARN_STRICT_PROTOTYPES = YES;
				CLANG_WARN_SUSPICIOUS_MOVE = YES;
				CLANG_WARN_UNGUARDED_AVAILABILITY = YES_AGGRESSIVE;
				CLANG_WARN_UNREACHABLE_CODE = YES;
				CLANG_WARN__DUPLICATE_METHOD_MATCH = YES;
				COPY_PHASE_STRIP = NO;
				DEBUG_INFORMATION_FORMAT = "dwarf-with-dsym";
				ENABLE_NS_ASSERTIONS = NO;
				ENABLE_STRICT_OBJC_MSGSEND = YES;
				GCC_C_LANGUAGE_STANDARD = gnu11;
				GCC_NO_COMMON_BLOCKS = YES;
				GCC_WARN_64_TO_32_BIT_CONVERSION = YES;
				GCC_WARN_ABOUT_RETURN_TYPE = YES_ERROR;
				GCC_WARN_UNDECLARED_SELECTOR = YES;
				GCC_WARN_UNINITIALIZED_AUTOS = YES_AGGRESSIVE;
				GCC_WARN_UNUSED_FUNCTION = YES;
				GCC_WARN_UNUSED_VARIABLE = YES;
				IPHONEOS_DEPLOYMENT_TARGET = 16.1;
				MTL_ENABLE_DEBUG_INFO = NO;
				MTL_FAST_MATH = YES;
				SDKROOT = iphoneos;
				SWIFT_COMPILATION_MODE = wholemodule;
				SWIFT_OPTIMIZATION_LEVEL = "-O";
				VALIDATE_PRODUCT = YES;
			};
			name = Release;
		};
		3070C91129153B6A009BD72F /* Debug */ = {
			isa = XCBuildConfiguration;
			buildSettings = {
				ASSETCATALOG_COMPILER_APPICON_NAME = AppIcon;
				ASSETCATALOG_COMPILER_GLOBAL_ACCENT_COLOR_NAME = AccentColor;
				CODE_SIGN_STYLE = Automatic;
				CURRENT_PROJECT_VERSION = 1;
				DEVELOPMENT_TEAM = 46T9YD5R9W;
				GENERATE_INFOPLIST_FILE = YES;
				INFOPLIST_FILE = "FirstParsingHW/Supporting Files/Info.plist";
				INFOPLIST_KEY_UIApplicationSupportsIndirectInputEvents = YES;
				INFOPLIST_KEY_UILaunchStoryboardName = LaunchScreen;
				INFOPLIST_KEY_UIMainStoryboardFile = Main;
				INFOPLIST_KEY_UISupportedInterfaceOrientations = UIInterfaceOrientationPortrait;
				INFOPLIST_KEY_UISupportedInterfaceOrientations_iPad = "UIInterfaceOrientationLandscapeLeft UIInterfaceOrientationLandscapeRight UIInterfaceOrientationPortrait UIInterfaceOrientationPortraitUpsideDown";
				IPHONEOS_DEPLOYMENT_TARGET = 15.5;
				LD_RUNPATH_SEARCH_PATHS = (
					"$(inherited)",
					"@executable_path/Frameworks",
				);
				MARKETING_VERSION = 1.0;
				PRODUCT_BUNDLE_IDENTIFIER = Swiftbook.FirstParsingHW;
				PRODUCT_NAME = "$(TARGET_NAME)";
				SUPPORTED_PLATFORMS = "iphoneos iphonesimulator";
				SUPPORTS_MACCATALYST = NO;
				SUPPORTS_MAC_DESIGNED_FOR_IPHONE_IPAD = NO;
				SWIFT_EMIT_LOC_STRINGS = YES;
				SWIFT_VERSION = 5.0;
				TARGETED_DEVICE_FAMILY = 1;
			};
			name = Debug;
		};
		3070C91229153B6A009BD72F /* Release */ = {
			isa = XCBuildConfiguration;
			buildSettings = {
				ASSETCATALOG_COMPILER_APPICON_NAME = AppIcon;
				ASSETCATALOG_COMPILER_GLOBAL_ACCENT_COLOR_NAME = AccentColor;
				CODE_SIGN_STYLE = Automatic;
				CURRENT_PROJECT_VERSION = 1;
				DEVELOPMENT_TEAM = 46T9YD5R9W;
				GENERATE_INFOPLIST_FILE = YES;
				INFOPLIST_FILE = "FirstParsingHW/Supporting Files/Info.plist";
				INFOPLIST_KEY_UIApplicationSupportsIndirectInputEvents = YES;
				INFOPLIST_KEY_UILaunchStoryboardName = LaunchScreen;
				INFOPLIST_KEY_UIMainStoryboardFile = Main;
				INFOPLIST_KEY_UISupportedInterfaceOrientations = UIInterfaceOrientationPortrait;
				INFOPLIST_KEY_UISupportedInterfaceOrientations_iPad = "UIInterfaceOrientationLandscapeLeft UIInterfaceOrientationLandscapeRight UIInterfaceOrientationPortrait UIInterfaceOrientationPortraitUpsideDown";
				IPHONEOS_DEPLOYMENT_TARGET = 15.5;
				LD_RUNPATH_SEARCH_PATHS = (
					"$(inherited)",
					"@executable_path/Frameworks",
				);
				MARKETING_VERSION = 1.0;
				PRODUCT_BUNDLE_IDENTIFIER = Swiftbook.FirstParsingHW;
				PRODUCT_NAME = "$(TARGET_NAME)";
				SUPPORTED_PLATFORMS = "iphoneos iphonesimulator";
				SUPPORTS_MACCATALYST = NO;
				SUPPORTS_MAC_DESIGNED_FOR_IPHONE_IPAD = NO;
				SWIFT_EMIT_LOC_STRINGS = YES;
				SWIFT_VERSION = 5.0;
				TARGETED_DEVICE_FAMILY = 1;
			};
			name = Release;
		};
/* End XCBuildConfiguration section */

/* Begin XCConfigurationList section */
		3070C8F729153B69009BD72F /* Build configuration list for PBXProject "FirstParsingHW" */ = {
			isa = XCConfigurationList;
			buildConfigurations = (
				3070C90E29153B6A009BD72F /* Debug */,
				3070C90F29153B6A009BD72F /* Release */,
			);
			defaultConfigurationIsVisible = 0;
			defaultConfigurationName = Release;
		};
		3070C91029153B6A009BD72F /* Build configuration list for PBXNativeTarget "FirstParsingHW" */ = {
			isa = XCConfigurationList;
			buildConfigurations = (
				3070C91129153B6A009BD72F /* Debug */,
				3070C91229153B6A009BD72F /* Release */,
			);
			defaultConfigurationIsVisible = 0;
			defaultConfigurationName = Release;
		};
/* End XCConfigurationList section */
	};
	rootObject = 3070C8F429153B69009BD72F /* Project object */;
}
